
Microsoft Visual Studio Solution File, Format Version 12.00
# Visual Studio Version 16
VisualStudioVersion = 16.0.31005.135
MinimumVisualStudioVersion = 10.0.40219.1
Project("{9A19103F-16F7-4668-BE54-9A1E7A4F7556}") = "LiveIT", "LiveIT.csproj", "{9B76E21D-E729-4CD5-84FA-FB153AC74287}"
EndProject
Project("{2150E333-8FDC-42A3-9474-1A3956D46DE8}") = "LiveIT.Core", "LiveIT.Core", "{ACDF5C1E-99C0-4BAE-BD15-08427CF8BBA5}"
EndProject
Project("{2150E333-8FDC-42A3-9474-1A3956D46DE8}") = "LiveIT.Infrastructure", "LiveIT.Infrastructure", "{E3A13392-6F9F-4C19-A10C-B3B4F356FB3B}"
EndProject
Project("{2150E333-8FDC-42A3-9474-1A3956D46DE8}") = "LiveIT.Service", "LiveIT.Service", "{77B72671-AD5A-4A90-95AE-73566C4D768B}"
EndProject
Project("{2150E333-8FDC-42A3-9474-1A3956D46DE8}") = "LiveIT.Tests", "LiveIT.Tests", "{8A9A9925-AAC1-4D50-8215-D01D5789E717}"
EndProject
Project("{2150E333-8FDC-42A3-9474-1A3956D46DE8}") = "LiveIT.Web", "LiveIT.Web", "{1C9ADFB7-2413-4321-98B9-14BCA541B7E4}"
EndProject
Project("{9A19103F-16F7-4668-BE54-9A1E7A4F7556}") = "Application", "..\LiveIT.Core\Application\Application.csproj", "{196AB732-C678-4768-ADDD-E87C3A7BC1B5}"
EndProject
Project("{9A19103F-16F7-4668-BE54-9A1E7A4F7556}") = "Common", "..\LiveIT.Core\Common\Common.csproj", "{F8CE6FFF-1030-4CB9-A965-D6DEC8AD68A5}"
EndProject
Project("{9A19103F-16F7-4668-BE54-9A1E7A4F7556}") = "Infrastructure", "..\LiveIT.Infrastructure\Infrastructure\Infrastructure.csproj", "{AC2A7671-8FAD-4C86-89F0-78961A70C0EF}"
EndProject
Project("{9A19103F-16F7-4668-BE54-9A1E7A4F7556}") = "AzureStorage", "..\LiveIT.Service\AzureStorage\AzureStorage.csproj", "{185D3F1C-365B-45C5-8DF3-D07E0E3AAF7E}"
EndProject
Project("{FAE04EC0-301F-11D3-BF4B-00C04F79EFBC}") = "LiveITAPI", "..\LiveITAPI\LiveITAPI.csproj", "{02C3C262-8FE6-476A-9916-1B949E482F6E}"
EndProject
Global
	GlobalSection(SolutionConfigurationPlatforms) = preSolution
		Debug|Any CPU = Debug|Any CPU
		Release|Any CPU = Release|Any CPU
	EndGlobalSection
	GlobalSection(ProjectConfigurationPlatforms) = postSolution
		{9B76E21D-E729-4CD5-84FA-FB153AC74287}.Debug|Any CPU.ActiveCfg = Debug|Any CPU
		{9B76E21D-E729-4CD5-84FA-FB153AC74287}.Debug|Any CPU.Build.0 = Debug|Any CPU
		{9B76E21D-E729-4CD5-84FA-FB153AC74287}.Release|Any CPU.ActiveCfg = Release|Any CPU
		{9B76E21D-E729-4CD5-84FA-FB153AC74287}.Release|Any CPU.Build.0 = Release|Any CPU
		{196AB732-C678-4768-ADDD-E87C3A7BC1B5}.Debug|Any CPU.ActiveCfg = Debug|Any CPU
		{196AB732-C678-4768-ADDD-E87C3A7BC1B5}.Debug|Any CPU.Build.0 = Debug|Any CPU
		{196AB732-C678-4768-ADDD-E87C3A7BC1B5}.Release|Any CPU.ActiveCfg = Release|Any CPU
		{196AB732-C678-4768-ADDD-E87C3A7BC1B5}.Release|Any CPU.Build.0 = Release|Any CPU
		{F8CE6FFF-1030-4CB9-A965-D6DEC8AD68A5}.Debug|Any CPU.ActiveCfg = Debug|Any CPU
		{F8CE6FFF-1030-4CB9-A965-D6DEC8AD68A5}.Debug|Any CPU.Build.0 = Debug|Any CPU
		{F8CE6FFF-1030-4CB9-A965-D6DEC8AD68A5}.Release|Any CPU.ActiveCfg = Release|Any CPU
		{F8CE6FFF-1030-4CB9-A965-D6DEC8AD68A5}.Release|Any CPU.Build.0 = Release|Any CPU
		{AC2A7671-8FAD-4C86-89F0-78961A70C0EF}.Debug|Any CPU.ActiveCfg = Debug|Any CPU
		{AC2A7671-8FAD-4C86-89F0-78961A70C0EF}.Debug|Any CPU.Build.0 = Debug|Any CPU
		{AC2A7671-8FAD-4C86-89F0-78961A70C0EF}.Release|Any CPU.ActiveCfg = Release|Any CPU
		{AC2A7671-8FAD-4C86-89F0-78961A70C0EF}.Release|Any CPU.Build.0 = Release|Any CPU
		{185D3F1C-365B-45C5-8DF3-D07E0E3AAF7E}.Debug|Any CPU.ActiveCfg = Debug|Any CPU
		{185D3F1C-365B-45C5-8DF3-D07E0E3AAF7E}.Debug|Any CPU.Build.0 = Debug|Any CPU
		{185D3F1C-365B-45C5-8DF3-D07E0E3AAF7E}.Release|Any CPU.ActiveCfg = Release|Any CPU
		{185D3F1C-365B-45C5-8DF3-D07E0E3AAF7E}.Release|Any CPU.Build.0 = Release|Any CPU
		{02C3C262-8FE6-476A-9916-1B949E482F6E}.Debug|Any CPU.ActiveCfg = Debug|Any CPU
		{02C3C262-8FE6-476A-9916-1B949E482F6E}.Debug|Any CPU.Build.0 = Debug|Any CPU
		{02C3C262-8FE6-476A-9916-1B949E482F6E}.Release|Any CPU.ActiveCfg = Release|Any CPU
		{02C3C262-8FE6-476A-9916-1B949E482F6E}.Release|Any CPU.Build.0 = Release|Any CPU
	EndGlobalSection
	GlobalSection(SolutionProperties) = preSolution
		HideSolutionNode = FALSE
	EndGlobalSection
	GlobalSection(NestedProjects) = preSolution
		{9B76E21D-E729-4CD5-84FA-FB153AC74287} = {1C9ADFB7-2413-4321-98B9-14BCA541B7E4}
		{196AB732-C678-4768-ADDD-E87C3A7BC1B5} = {ACDF5C1E-99C0-4BAE-BD15-08427CF8BBA5}
		{F8CE6FFF-1030-4CB9-A965-D6DEC8AD68A5} = {ACDF5C1E-99C0-4BAE-BD15-08427CF8BBA5}
		{AC2A7671-8FAD-4C86-89F0-78961A70C0EF} = {E3A13392-6F9F-4C19-A10C-B3B4F356FB3B}
		{185D3F1C-365B-45C5-8DF3-D07E0E3AAF7E} = {77B72671-AD5A-4A90-95AE-73566C4D768B}
		{02C3C262-8FE6-476A-9916-1B949E482F6E} = {1C9ADFB7-2413-4321-98B9-14BCA541B7E4}
	EndGlobalSection
	GlobalSection(ExtensibilityGlobals) = postSolution
		SolutionGuid = {F0C68781-859C-4EE1-B87A-A6ECB4B3E28B}
	EndGlobalSection
EndGlobal
